
Microsoft Visual Studio Solution File, Format Version 12.00
# Visual Studio Version 17
VisualStudioVersion = 17.11.35222.181
MinimumVisualStudioVersion = 10.0.40219.1
Project("{FAE04EC0-301F-11D3-BF4B-00C04F79EFBC}") = "HolaMundoWebAPI", "HolaMundoWebAPI.csproj", "{C3F370F7-FF58-4C90-A4E1-0869A5B40FB8}"
EndProject
Global
	GlobalSection(SolutionConfigurationPlatforms) = preSolution
		Debug|Any CPU = Debug|Any CPU
		Release|Any CPU = Release|Any CPU
	EndGlobalSection
	GlobalSection(ProjectConfigurationPlatforms) = postSolution
		{C3F370F7-FF58-4C90-A4E1-0869A5B40FB8}.Debug|Any CPU.ActiveCfg = Debug|Any CPU
		{C3F370F7-FF58-4C90-A4E1-0869A5B40FB8}.Debug|Any CPU.Build.0 = Debug|Any CPU
		{C3F370F7-FF58-4C90-A4E1-0869A5B40FB8}.Release|Any CPU.ActiveCfg = Release|Any CPU
		{C3F370F7-FF58-4C90-A4E1-0869A5B40FB8}.Release|Any CPU.Build.0 = Release|Any CPU
	EndGlobalSection
	GlobalSection(SolutionProperties) = preSolution
		HideSolutionNode = FALSE
	EndGlobalSection
	GlobalSection(ExtensibilityGlobals) = postSolution
		SolutionGuid = {DB1E07F1-10D3-4206-BE56-470FFB9A8D84}
	EndGlobalSection
EndGlobal
